
Microsoft Visual Studio Solution File, Format Version 12.00
# Visual Studio Version 16
VisualStudioVersion = 16.0.31424.327
MinimumVisualStudioVersion = 10.0.40219.1
Project("{9A19103F-16F7-4668-BE54-9A1E7A4F7556}") = "20880236_OOP", "20880236_OOP\20880236_OOP.csproj", "{586C9ED9-4631-49EA-9941-027A70726707}"
EndProject
Project("{9A19103F-16F7-4668-BE54-9A1E7A4F7556}") = "ENTITY", "ENTITY\ENTITY.csproj", "{60A33066-0F04-413D-AA86-CBA25D692057}"
EndProject
Project("{9A19103F-16F7-4668-BE54-9A1E7A4F7556}") = "DAL", "DAL\DAL.csproj", "{C8E45601-5E50-44AB-891B-3322A3162D2A}"
EndProject
Project("{9A19103F-16F7-4668-BE54-9A1E7A4F7556}") = "SERVICES", "SERVICES\SERVICES.csproj", "{105E06F9-9DBB-4C53-9714-476AFF1CAABF}"
EndProject
Global
	GlobalSection(SolutionConfigurationPlatforms) = preSolution
		Debug|Any CPU = Debug|Any CPU
		Release|Any CPU = Release|Any CPU
	EndGlobalSection
	GlobalSection(ProjectConfigurationPlatforms) = postSolution
		{586C9ED9-4631-49EA-9941-027A70726707}.Debug|Any CPU.ActiveCfg = Debug|Any CPU
		{586C9ED9-4631-49EA-9941-027A70726707}.Debug|Any CPU.Build.0 = Debug|Any CPU
		{586C9ED9-4631-49EA-9941-027A70726707}.Release|Any CPU.ActiveCfg = Release|Any CPU
		{586C9ED9-4631-49EA-9941-027A70726707}.Release|Any CPU.Build.0 = Release|Any CPU
		{60A33066-0F04-413D-AA86-CBA25D692057}.Debug|Any CPU.ActiveCfg = Debug|Any CPU
		{60A33066-0F04-413D-AA86-CBA25D692057}.Debug|Any CPU.Build.0 = Debug|Any CPU
		{60A33066-0F04-413D-AA86-CBA25D692057}.Release|Any CPU.ActiveCfg = Release|Any CPU
		{60A33066-0F04-413D-AA86-CBA25D692057}.Release|Any CPU.Build.0 = Release|Any CPU
		{C8E45601-5E50-44AB-891B-3322A3162D2A}.Debug|Any CPU.ActiveCfg = Debug|Any CPU
		{C8E45601-5E50-44AB-891B-3322A3162D2A}.Debug|Any CPU.Build.0 = Debug|Any CPU
		{C8E45601-5E50-44AB-891B-3322A3162D2A}.Release|Any CPU.ActiveCfg = Release|Any CPU
		{C8E45601-5E50-44AB-891B-3322A3162D2A}.Release|Any CPU.Build.0 = Release|Any CPU
		{105E06F9-9DBB-4C53-9714-476AFF1CAABF}.Debug|Any CPU.ActiveCfg = Debug|Any CPU
		{105E06F9-9DBB-4C53-9714-476AFF1CAABF}.Debug|Any CPU.Build.0 = Debug|Any CPU
		{105E06F9-9DBB-4C53-9714-476AFF1CAABF}.Release|Any CPU.ActiveCfg = Release|Any CPU
		{105E06F9-9DBB-4C53-9714-476AFF1CAABF}.Release|Any CPU.Build.0 = Release|Any CPU
	EndGlobalSection
	GlobalSection(SolutionProperties) = preSolution
		HideSolutionNode = FALSE
	EndGlobalSection
	GlobalSection(ExtensibilityGlobals) = postSolution
		SolutionGuid = {9B6269D7-2AFE-430E-B60B-2EA3DCA4080E}
	EndGlobalSection
EndGlobal
